
Microsoft Visual Studio Solution File, Format Version 12.00
# Visual Studio Version 17
VisualStudioVersion = 17.3.32804.467
MinimumVisualStudioVersion = 10.0.40219.1
Project("{9A19103F-16F7-4668-BE54-9A1E7A4F7556}") = "SpidersTests", "SpidersTests\SpidersTests.csproj", "{FCBA6ADE-94C6-41DE-9F33-43306F320BEE}"
EndProject
Project("{9A19103F-16F7-4668-BE54-9A1E7A4F7556}") = "Spiders", "Spiders\Spiders.csproj", "{7D600223-E72B-4585-836E-2A448E963D43}"
EndProject
Project("{FAE04EC0-301F-11D3-BF4B-00C04F79EFBC}") = "SpidersGame", "SpidersGame\SpidersGame.csproj", "{2229E173-5164-4701-8F37-F05B1E0D03BC}"
EndProject
Global
	GlobalSection(SolutionConfigurationPlatforms) = preSolution
		Debug|Any CPU = Debug|Any CPU
		Release|Any CPU = Release|Any CPU
	EndGlobalSection
	GlobalSection(ProjectConfigurationPlatforms) = postSolution
		{FCBA6ADE-94C6-41DE-9F33-43306F320BEE}.Debug|Any CPU.ActiveCfg = Debug|Any CPU
		{FCBA6ADE-94C6-41DE-9F33-43306F320BEE}.Debug|Any CPU.Build.0 = Debug|Any CPU
		{FCBA6ADE-94C6-41DE-9F33-43306F320BEE}.Release|Any CPU.ActiveCfg = Release|Any CPU
		{FCBA6ADE-94C6-41DE-9F33-43306F320BEE}.Release|Any CPU.Build.0 = Release|Any CPU
		{7D600223-E72B-4585-836E-2A448E963D43}.Debug|Any CPU.ActiveCfg = Debug|Any CPU
		{7D600223-E72B-4585-836E-2A448E963D43}.Debug|Any CPU.Build.0 = Debug|Any CPU
		{7D600223-E72B-4585-836E-2A448E963D43}.Release|Any CPU.ActiveCfg = Release|Any CPU
		{7D600223-E72B-4585-836E-2A448E963D43}.Release|Any CPU.Build.0 = Release|Any CPU
		{2229E173-5164-4701-8F37-F05B1E0D03BC}.Debug|Any CPU.ActiveCfg = Debug|Any CPU
		{2229E173-5164-4701-8F37-F05B1E0D03BC}.Debug|Any CPU.Build.0 = Debug|Any CPU
		{2229E173-5164-4701-8F37-F05B1E0D03BC}.Release|Any CPU.ActiveCfg = Release|Any CPU
		{2229E173-5164-4701-8F37-F05B1E0D03BC}.Release|Any CPU.Build.0 = Release|Any CPU
	EndGlobalSection
	GlobalSection(SolutionProperties) = preSolution
		HideSolutionNode = FALSE
	EndGlobalSection
	GlobalSection(ExtensibilityGlobals) = postSolution
		SolutionGuid = {B1F01169-0E64-4822-A850-4FB4159013BA}
	EndGlobalSection
EndGlobal
